
Microsoft Visual Studio Solution File, Format Version 12.00
# Visual Studio Version 16
VisualStudioVersion = 16.0.31613.86
MinimumVisualStudioVersion = 10.0.40219.1
Project("{FAE04EC0-301F-11D3-BF4B-00C04F79EFBC}") = "NHN1721050561", "NHN1721050561\NHN1721050561.csproj", "{D2A3ACB1-3265-48EB-8F52-7125CBAD3C22}"
EndProject
Global
	GlobalSection(SolutionConfigurationPlatforms) = preSolution
		Debug|Any CPU = Debug|Any CPU
		Release|Any CPU = Release|Any CPU
	EndGlobalSection
	GlobalSection(ProjectConfigurationPlatforms) = postSolution
		{D2A3ACB1-3265-48EB-8F52-7125CBAD3C22}.Debug|Any CPU.ActiveCfg = Debug|Any CPU
		{D2A3ACB1-3265-48EB-8F52-7125CBAD3C22}.Debug|Any CPU.Build.0 = Debug|Any CPU
		{D2A3ACB1-3265-48EB-8F52-7125CBAD3C22}.Release|Any CPU.ActiveCfg = Release|Any CPU
		{D2A3ACB1-3265-48EB-8F52-7125CBAD3C22}.Release|Any CPU.Build.0 = Release|Any CPU
	EndGlobalSection
	GlobalSection(SolutionProperties) = preSolution
		HideSolutionNode = FALSE
	EndGlobalSection
	GlobalSection(ExtensibilityGlobals) = postSolution
		SolutionGuid = {FEDA7C2D-257C-402B-91B5-F6C547DA240F}
	EndGlobalSection
EndGlobal
